
Microsoft Visual Studio Solution File, Format Version 12.00
# Visual Studio 15
VisualStudioVersion = 15.0.26124.0
MinimumVisualStudioVersion = 15.0.26124.0
Project("{FAE04EC0-301F-11D3-BF4B-00C04F79EFBC}") = "eShop.Domain", "eShop.Domain\eShop.Domain.csproj", "{152A0589-11DB-4F2C-BC26-8C657FF3FD6C}"
EndProject
Project("{FAE04EC0-301F-11D3-BF4B-00C04F79EFBC}") = "eShop.Domain.Test", "eShop.Domain.Test\eShop.Domain.Test.csproj", "{B244EE5B-C77D-4D14-9DAA-ABF113DE992F}"
EndProject
Project("{FAE04EC0-301F-11D3-BF4B-00C04F79EFBC}") = "eShop.Persistence", "eShop.Persistence\eShop.Persistence.csproj", "{EA5B4CA6-49C1-4F30-B17B-F4218AEBC120}"
EndProject
Project("{FAE04EC0-301F-11D3-BF4B-00C04F79EFBC}") = "eShop.DI", "eShop.DI\eShop.DI.csproj", "{B2DC4C88-A659-46A0-B793-AD988E752859}"
EndProject
Project("{FAE04EC0-301F-11D3-BF4B-00C04F79EFBC}") = "eShop.Web", "eShop.Web\eShop.Web.csproj", "{AA963D37-5F6D-4887-A3E6-80D970FCC80A}"
EndProject
Global
	GlobalSection(SolutionConfigurationPlatforms) = preSolution
		Debug|Any CPU = Debug|Any CPU
		Debug|x64 = Debug|x64
		Debug|x86 = Debug|x86
		Release|Any CPU = Release|Any CPU
		Release|x64 = Release|x64
		Release|x86 = Release|x86
	EndGlobalSection
	GlobalSection(SolutionProperties) = preSolution
		HideSolutionNode = FALSE
	EndGlobalSection
	GlobalSection(ProjectConfigurationPlatforms) = postSolution
		{152A0589-11DB-4F2C-BC26-8C657FF3FD6C}.Debug|Any CPU.ActiveCfg = Debug|Any CPU
		{152A0589-11DB-4F2C-BC26-8C657FF3FD6C}.Debug|Any CPU.Build.0 = Debug|Any CPU
		{152A0589-11DB-4F2C-BC26-8C657FF3FD6C}.Debug|x64.ActiveCfg = Debug|Any CPU
		{152A0589-11DB-4F2C-BC26-8C657FF3FD6C}.Debug|x64.Build.0 = Debug|Any CPU
		{152A0589-11DB-4F2C-BC26-8C657FF3FD6C}.Debug|x86.ActiveCfg = Debug|Any CPU
		{152A0589-11DB-4F2C-BC26-8C657FF3FD6C}.Debug|x86.Build.0 = Debug|Any CPU
		{152A0589-11DB-4F2C-BC26-8C657FF3FD6C}.Release|Any CPU.ActiveCfg = Release|Any CPU
		{152A0589-11DB-4F2C-BC26-8C657FF3FD6C}.Release|Any CPU.Build.0 = Release|Any CPU
		{152A0589-11DB-4F2C-BC26-8C657FF3FD6C}.Release|x64.ActiveCfg = Release|Any CPU
		{152A0589-11DB-4F2C-BC26-8C657FF3FD6C}.Release|x64.Build.0 = Release|Any CPU
		{152A0589-11DB-4F2C-BC26-8C657FF3FD6C}.Release|x86.ActiveCfg = Release|Any CPU
		{152A0589-11DB-4F2C-BC26-8C657FF3FD6C}.Release|x86.Build.0 = Release|Any CPU
		{B244EE5B-C77D-4D14-9DAA-ABF113DE992F}.Debug|Any CPU.ActiveCfg = Debug|Any CPU
		{B244EE5B-C77D-4D14-9DAA-ABF113DE992F}.Debug|Any CPU.Build.0 = Debug|Any CPU
		{B244EE5B-C77D-4D14-9DAA-ABF113DE992F}.Debug|x64.ActiveCfg = Debug|Any CPU
		{B244EE5B-C77D-4D14-9DAA-ABF113DE992F}.Debug|x64.Build.0 = Debug|Any CPU
		{B244EE5B-C77D-4D14-9DAA-ABF113DE992F}.Debug|x86.ActiveCfg = Debug|Any CPU
		{B244EE5B-C77D-4D14-9DAA-ABF113DE992F}.Debug|x86.Build.0 = Debug|Any CPU
		{B244EE5B-C77D-4D14-9DAA-ABF113DE992F}.Release|Any CPU.ActiveCfg = Release|Any CPU
		{B244EE5B-C77D-4D14-9DAA-ABF113DE992F}.Release|Any CPU.Build.0 = Release|Any CPU
		{B244EE5B-C77D-4D14-9DAA-ABF113DE992F}.Release|x64.ActiveCfg = Release|Any CPU
		{B244EE5B-C77D-4D14-9DAA-ABF113DE992F}.Release|x64.Build.0 = Release|Any CPU
		{B244EE5B-C77D-4D14-9DAA-ABF113DE992F}.Release|x86.ActiveCfg = Release|Any CPU
		{B244EE5B-C77D-4D14-9DAA-ABF113DE992F}.Release|x86.Build.0 = Release|Any CPU
		{EA5B4CA6-49C1-4F30-B17B-F4218AEBC120}.Debug|Any CPU.ActiveCfg = Debug|Any CPU
		{EA5B4CA6-49C1-4F30-B17B-F4218AEBC120}.Debug|Any CPU.Build.0 = Debug|Any CPU
		{EA5B4CA6-49C1-4F30-B17B-F4218AEBC120}.Debug|x64.ActiveCfg = Debug|Any CPU
		{EA5B4CA6-49C1-4F30-B17B-F4218AEBC120}.Debug|x64.Build.0 = Debug|Any CPU
		{EA5B4CA6-49C1-4F30-B17B-F4218AEBC120}.Debug|x86.ActiveCfg = Debug|Any CPU
		{EA5B4CA6-49C1-4F30-B17B-F4218AEBC120}.Debug|x86.Build.0 = Debug|Any CPU
		{EA5B4CA6-49C1-4F30-B17B-F4218AEBC120}.Release|Any CPU.ActiveCfg = Release|Any CPU
		{EA5B4CA6-49C1-4F30-B17B-F4218AEBC120}.Release|Any CPU.Build.0 = Release|Any CPU
		{EA5B4CA6-49C1-4F30-B17B-F4218AEBC120}.Release|x64.ActiveCfg = Release|Any CPU
		{EA5B4CA6-49C1-4F30-B17B-F4218AEBC120}.Release|x64.Build.0 = Release|Any CPU
		{EA5B4CA6-49C1-4F30-B17B-F4218AEBC120}.Release|x86.ActiveCfg = Release|Any CPU
		{EA5B4CA6-49C1-4F30-B17B-F4218AEBC120}.Release|x86.Build.0 = Release|Any CPU
		{B2DC4C88-A659-46A0-B793-AD988E752859}.Debug|Any CPU.ActiveCfg = Debug|Any CPU
		{B2DC4C88-A659-46A0-B793-AD988E752859}.Debug|Any CPU.Build.0 = Debug|Any CPU
		{B2DC4C88-A659-46A0-B793-AD988E752859}.Debug|x64.ActiveCfg = Debug|Any CPU
		{B2DC4C88-A659-46A0-B793-AD988E752859}.Debug|x64.Build.0 = Debug|Any CPU
		{B2DC4C88-A659-46A0-B793-AD988E752859}.Debug|x86.ActiveCfg = Debug|Any CPU
		{B2DC4C88-A659-46A0-B793-AD988E752859}.Debug|x86.Build.0 = Debug|Any CPU
		{B2DC4C88-A659-46A0-B793-AD988E752859}.Release|Any CPU.ActiveCfg = Release|Any CPU
		{B2DC4C88-A659-46A0-B793-AD988E752859}.Release|Any CPU.Build.0 = Release|Any CPU
		{B2DC4C88-A659-46A0-B793-AD988E752859}.Release|x64.ActiveCfg = Release|Any CPU
		{B2DC4C88-A659-46A0-B793-AD988E752859}.Release|x64.Build.0 = Release|Any CPU
		{B2DC4C88-A659-46A0-B793-AD988E752859}.Release|x86.ActiveCfg = Release|Any CPU
		{B2DC4C88-A659-46A0-B793-AD988E752859}.Release|x86.Build.0 = Release|Any CPU
		{AA963D37-5F6D-4887-A3E6-80D970FCC80A}.Debug|Any CPU.ActiveCfg = Debug|Any CPU
		{AA963D37-5F6D-4887-A3E6-80D970FCC80A}.Debug|Any CPU.Build.0 = Debug|Any CPU
		{AA963D37-5F6D-4887-A3E6-80D970FCC80A}.Debug|x64.ActiveCfg = Debug|Any CPU
		{AA963D37-5F6D-4887-A3E6-80D970FCC80A}.Debug|x64.Build.0 = Debug|Any CPU
		{AA963D37-5F6D-4887-A3E6-80D970FCC80A}.Debug|x86.ActiveCfg = Debug|Any CPU
		{AA963D37-5F6D-4887-A3E6-80D970FCC80A}.Debug|x86.Build.0 = Debug|Any CPU
		{AA963D37-5F6D-4887-A3E6-80D970FCC80A}.Release|Any CPU.ActiveCfg = Release|Any CPU
		{AA963D37-5F6D-4887-A3E6-80D970FCC80A}.Release|Any CPU.Build.0 = Release|Any CPU
		{AA963D37-5F6D-4887-A3E6-80D970FCC80A}.Release|x64.ActiveCfg = Release|Any CPU
		{AA963D37-5F6D-4887-A3E6-80D970FCC80A}.Release|x64.Build.0 = Release|Any CPU
		{AA963D37-5F6D-4887-A3E6-80D970FCC80A}.Release|x86.ActiveCfg = Release|Any CPU
		{AA963D37-5F6D-4887-A3E6-80D970FCC80A}.Release|x86.Build.0 = Release|Any CPU
	EndGlobalSection
EndGlobal
